// !$*UTF8*$!
{
	archiveVersion = 1;
	classes = {
	};
	objectVersion = 46;
	objects = {

/* Begin PBXBuildFile section */
		AC282AC31C9BB95A00420672 /* camera.c in Sources */ = {isa = PBXBuildFile; fileRef = AC282ABB1C9BB95A00420672 /* camera.c */; };
		AC282AC41C9BB95A00420672 /* common.c in Sources */ = {isa = PBXBuildFile; fileRef = AC282ABD1C9BB95A00420672 /* common.c */; };
		AC282AC51C9BB95A00420672 /* frame_helper.c in Sources */ = {isa = PBXBuildFile; fileRef = AC282ABF1C9BB95A00420672 /* frame_helper.c */; };
		AC282AC61C9BB95A00420672 /* main.c in Sources */ = {isa = PBXBuildFile; fileRef = AC282AC11C9BB95A00420672 /* main.c */; };
		AC282AC71C9BB95A00420672 /* Makefile in Sources */ = {isa = PBXBuildFile; fileRef = AC282AC21C9BB95A00420672 /* Makefile */; };
/* End PBXBuildFile section */

/* Begin PBXCopyFilesBuildPhase section */
		AC282AAF1C9BB93000420672 /* CopyFiles */ = {
			isa = PBXCopyFilesBuildPhase;
			buildActionMask = 2147483647;
			dstPath = /usr/share/man/man1/;
			dstSubfolderSpec = 0;
			files = (
			);
			runOnlyForDeploymentPostprocessing = 1;
		};
/* End PBXCopyFilesBuildPhase section */

/* Begin PBXFileReference section */
		AC282AB11C9BB93000420672 /* picam */ = {isa = PBXFileReference; explicitFileType = "compiled.mach-o.executable"; includeInIndex = 0; name = picam; path = /Users/praveen/Dropbox/raspi/picam/build/Debug/picam; sourceTree = "<absolute>"; };
		AC282ABB1C9BB95A00420672 /* camera.c */ = {isa = PBXFileReference; fileEncoding = 4; lastKnownFileType = sourcecode.c.c; path = camera.c; sourceTree = "<group>"; };
		AC282ABC1C9BB95A00420672 /* camera.h */ = {isa = PBXFileReference; fileEncoding = 4; lastKnownFileType = sourcecode.c.h; path = camera.h; sourceTree = "<group>"; };
		AC282ABD1C9BB95A00420672 /* common.c */ = {isa = PBXFileReference; fileEncoding = 4; lastKnownFileType = sourcecode.c.c; path = common.c; sourceTree = "<group>"; };
		AC282ABE1C9BB95A00420672 /* common.h */ = {isa = PBXFileReference; fileEncoding = 4; lastKnownFileType = sourcecode.c.h; path = common.h; sourceTree = "<group>"; };
		AC282ABF1C9BB95A00420672 /* frame_helper.c */ = {isa = PBXFileReference; fileEncoding = 4; lastKnownFileType = sourcecode.c.c; path = frame_helper.c; sourceTree = "<group>"; };
		AC282AC01C9BB95A00420672 /* frame_helper.h */ = {isa = PBXFileReference; fileEncoding = 4; lastKnownFileType = sourcecode.c.h; path = frame_helper.h; sourceTree = "<group>"; };
		AC282AC11C9BB95A00420672 /* main.c */ = {isa = PBXFileReference; fileEncoding = 4; lastKnownFileType = sourcecode.c.c; path = main.c; sourceTree = "<group>"; };
		AC282AC21C9BB95A00420672 /* Makefile */ = {isa = PBXFileReference; fileEncoding = 4; lastKnownFileType = sourcecode.make; path = Makefile; sourceTree = "<group>"; };
/* End PBXFileReference section */

/* Begin PBXFrameworksBuildPhase section */
		AC282AAE1C9BB93000420672 /* Frameworks */ = {
			isa = PBXFrameworksBuildPhase;
			buildActionMask = 2147483647;
			files = (
			);
			runOnlyForDeploymentPostprocessing = 0;
		};
/* End PBXFrameworksBuildPhase section */

/* Begin PBXGroup section */
		AC282AA81C9BB93000420672 = {
			isa = PBXGroup;
			children = (
				AC282ABB1C9BB95A00420672 /* camera.c */,
				AC282ABC1C9BB95A00420672 /* camera.h */,
				AC282ABD1C9BB95A00420672 /* common.c */,
				AC282ABE1C9BB95A00420672 /* common.h */,
				AC282ABF1C9BB95A00420672 /* frame_helper.c */,
				AC282AC01C9BB95A00420672 /* frame_helper.h */,
				AC282AC11C9BB95A00420672 /* main.c */,
				AC282AC21C9BB95A00420672 /* Makefile */,
			);
			sourceTree = "<group>";
		};
/* End PBXGroup section */

/* Begin PBXNativeTarget section */
		AC282AB01C9BB93000420672 /* picam */ = {
			isa = PBXNativeTarget;
			buildConfigurationList = AC282AB81C9BB93000420672 /* Build configuration list for PBXNativeTarget "picam" */;
			buildPhases = (
				AC282AAD1C9BB93000420672 /* Sources */,
				AC282AAE1C9BB93000420672 /* Frameworks */,
				AC282AAF1C9BB93000420672 /* CopyFiles */,
			);
			buildRules = (
			);
			dependencies = (
			);
			name = picam;
			productName = picam;
			productReference = AC282AB11C9BB93000420672 /* picam */;
			productType = "com.apple.product-type.tool";
		};
/* End PBXNativeTarget section */

/* Begin PBXProject section */
		AC282AA91C9BB93000420672 /* Project object */ = {
			isa = PBXProject;
			attributes = {
				LastUpgradeCheck = 0720;
				ORGANIZATIONNAME = "Praveen Nair";
				TargetAttributes = {
					AC282AB01C9BB93000420672 = {
						CreatedOnToolsVersion = 7.2.1;
					};
				};
			};
			buildConfigurationList = AC282AAC1C9BB93000420672 /* Build configuration list for PBXProject "picam" */;
			compatibilityVersion = "Xcode 3.2";
			developmentRegion = English;
			hasScannedForEncodings = 0;
			knownRegions = (
				en,
			);
			mainGroup = AC282AA81C9BB93000420672;
			productRefGroup = AC282AA81C9BB93000420672;
			projectDirPath = "";
			projectRoot = "";
			targets = (
				AC282AB01C9BB93000420672 /* picam */,
			);
		};
/* End PBXProject section */

/* Begin PBXSourcesBuildPhase section */
		AC282AAD1C9BB93000420672 /* Sources */ = {
			isa = PBXSourcesBuildPhase;
			buildActionMask = 2147483647;
			files = (
				AC282AC71C9BB95A00420672 /* Makefile in Sources */,
				AC282AC61C9BB95A00420672 /* main.c in Sources */,
				AC282AC51C9BB95A00420672 /* frame_helper.c in Sources */,
				AC282AC41C9BB95A00420672 /* common.c in Sources */,
				AC282AC31C9BB95A00420672 /* camera.c in Sources */,
			);
			runOnlyForDeploymentPostprocessing = 0;
		};
/* End PBXSourcesBuildPhase section */

/* Begin XCBuildConfiguration section */
		AC282AB61C9BB93000420672 /* Debug */ = {
			isa = XCBuildConfiguration;
			buildSettings = {
				ALWAYS_SEARCH_USER_PATHS = NO;
				CLANG_CXX_LANGUAGE_STANDARD = "gnu++0x";
				CLANG_CXX_LIBRARY = "libc++";
				CLANG_ENABLE_MODULES = YES;
				CLANG_ENABLE_OBJC_ARC = YES;
				CLANG_WARN_BOOL_CONVERSION = YES;
				CLANG_WARN_CONSTANT_CONVERSION = YES;
				CLANG_WARN_DIRECT_OBJC_ISA_USAGE = YES_ERROR;
				CLANG_WARN_EMPTY_BODY = YES;
				CLANG_WARN_ENUM_CONVERSION = YES;
				CLANG_WARN_INT_CONVERSION = YES;
				CLANG_WARN_OBJC_ROOT_CLASS = YES_ERROR;
				CLANG_WARN_UNREACHABLE_CODE = YES;
				CLANG_WARN__DUPLICATE_METHOD_MATCH = YES;
				CODE_SIGN_IDENTITY = "-";
				COPY_PHASE_STRIP = NO;
				DEBUG_INFORMATION_FORMAT = dwarf;
				ENABLE_STRICT_OBJC_MSGSEND = YES;
				ENABLE_TESTABILITY = YES;
				GCC_C_LANGUAGE_STANDARD = gnu99;
				GCC_DYNAMIC_NO_PIC = NO;
				GCC_NO_COMMON_BLOCKS = YES;
				GCC_OPTIMIZATION_LEVEL = 0;
				GCC_PREPROCESSOR_DEFINITIONS = (
					"DEBUG=1",
					"$(inherited)",
				);
				GCC_WARN_64_TO_32_BIT_CONVERSION = YES;
				GCC_WARN_ABOUT_RETURN_TYPE = YES_ERROR;
				GCC_WARN_UNDECLARED_SELECTOR = YES;
				GCC_WARN_UNINITIALIZED_AUTOS = YES_AGGRESSIVE;
				GCC_WARN_UNUSED_FUNCTION = YES;
				GCC_WARN_UNUSED_VARIABLE = YES;
				MACOSX_DEPLOYMENT_TARGET = 10.11;
				MTL_ENABLE_DEBUG_INFO = YES;
				ONLY_ACTIVE_ARCH = YES;
				SDKROOT = macosx;
			};
			name = Debug;
		};
		AC282AB71C9BB93000420672 /* Release */ = {
			isa = XCBuildConfiguration;
			buildSettings = {
				ALWAYS_SEARCH_USER_PATHS = NO;
				CLANG_CXX_LANGUAGE_STANDARD = "gnu++0x";
				CLANG_CXX_LIBRARY = "libc++";
				CLANG_ENABLE_MODULES = YES;
				CLANG_ENABLE_OBJC_ARC = YES;
				CLANG_WARN_BOOL_CONVERSION = YES;
				CLANG_WARN_CONSTANT_CONVERSION = YES;
				CLANG_WARN_DIRECT_OBJC_ISA_USAGE = YES_ERROR;
				CLANG_WARN_EMPTY_BODY = YES;
				CLANG_WARN_ENUM_CONVERSION = YES;
				CLANG_WARN_INT_CONVERSION = YES;
				CLANG_WARN_OBJC_ROOT_CLASS = YES_ERROR;
				CLANG_WARN_UNREACHABLE_CODE = YES;
				CLANG_WARN__DUPLICATE_METHOD_MATCH = YES;
				CODE_SIGN_IDENTITY = "-";
				COPY_PHASE_STRIP = NO;
				DEBUG_INFORMATION_FORMAT = "dwarf-with-dsym";
				ENABLE_NS_ASSERTIONS = NO;
				ENABLE_STRICT_OBJC_MSGSEND = YES;
				GCC_C_LANGUAGE_STANDARD = gnu99;
				GCC_NO_COMMON_BLOCKS = YES;
				GCC_WARN_64_TO_32_BIT_CONVERSION = YES;
				GCC_WARN_ABOUT_RETURN_TYPE = YES_ERROR;
				GCC_WARN_UNDECLARED_SELECTOR = YES;
				GCC_WARN_UNINITIALIZED_AUTOS = YES_AGGRESSIVE;
				GCC_WARN_UNUSED_FUNCTION = YES;
				GCC_WARN_UNUSED_VARIABLE = YES;
				MACOSX_DEPLOYMENT_TARGET = 10.11;
				MTL_ENABLE_DEBUG_INFO = NO;
				SDKROOT = macosx;
			};
			name = Release;
		};
		AC282AB91C9BB93000420672 /* Debug */ = {
			isa = XCBuildConfiguration;
			buildSettings = {
				PRODUCT_NAME = "$(TARGET_NAME)";
			};
			name = Debug;
		};
		AC282ABA1C9BB93000420672 /* Release */ = {
			isa = XCBuildConfiguration;
			buildSettings = {
				PRODUCT_NAME = "$(TARGET_NAME)";
			};
			name = Release;
		};
/* End XCBuildConfiguration section */

/* Begin XCConfigurationList section */
		AC282AAC1C9BB93000420672 /* Build configuration list for PBXProject "picam" */ = {
			isa = XCConfigurationList;
			buildConfigurations = (
				AC282AB61C9BB93000420672 /* Debug */,
				AC282AB71C9BB93000420672 /* Release */,
			);
			defaultConfigurationIsVisible = 0;
			defaultConfigurationName = Release;
		};
		AC282AB81C9BB93000420672 /* Build configuration list for PBXNativeTarget "picam" */ = {
			isa = XCConfigurationList;
			buildConfigurations = (
				AC282AB91C9BB93000420672 /* Debug */,
				AC282ABA1C9BB93000420672 /* Release */,
			);
			defaultConfigurationIsVisible = 0;
		};
/* End XCConfigurationList section */
	};
	rootObject = AC282AA91C9BB93000420672 /* Project object */;
}
